
Microsoft Visual Studio Solution File, Format Version 12.00
# Visual Studio Version 17
VisualStudioVersion = 17.14.36301.6 d17.14
MinimumVisualStudioVersion = 10.0.40219.1
Project("{FAE04EC0-301F-11D3-BF4B-00C04F79EFBC}") = "CSVEditor", "CSVEditor\CSVEditor.csproj", "{34F30210-D375-40CC-B496-59339989BDCE}"
EndProject
Global
	GlobalSection(SolutionConfigurationPlatforms) = preSolution
		Debug|Any CPU = Debug|Any CPU
		Release|Any CPU = Release|Any CPU
	EndGlobalSection
	GlobalSection(ProjectConfigurationPlatforms) = postSolution
		{34F30210-D375-40CC-B496-59339989BDCE}.Debug|Any CPU.ActiveCfg = Debug|Any CPU
		{34F30210-D375-40CC-B496-59339989BDCE}.Debug|Any CPU.Build.0 = Debug|Any CPU
		{34F30210-D375-40CC-B496-59339989BDCE}.Release|Any CPU.ActiveCfg = Release|Any CPU
		{34F30210-D375-40CC-B496-59339989BDCE}.Release|Any CPU.Build.0 = Release|Any CPU
	EndGlobalSection
	GlobalSection(SolutionProperties) = preSolution
		HideSolutionNode = FALSE
	EndGlobalSection
	GlobalSection(ExtensibilityGlobals) = postSolution
		SolutionGuid = {FA6E860E-7C99-49BB-B820-25BB026927A3}
	EndGlobalSection
EndGlobal
